{
  "name": "htmltoimg",
  "version": "1.0.0",
  "lockfileVersion": 1,
  "requires": true,
  "dependencies": {
    "base64-arraybuffer": {
      "version": "0.1.5",
      "resolved": "https://registry.npmjs.org/base64-arraybuffer/-/base64-arraybuffer-0.1.5.tgz",
      "integrity": "sha1-c5JncZI7Whl0etZmqlzUv5xunOg="
    },
    "bulma": {
      "version": "0.7.4",
      "resolved": "https://registry.npmjs.org/bulma/-/bulma-0.7.4.tgz",
      "integrity": "sha512-krG2rP6eAX1WE0sf6O0SC/FUVSOBX4m1PBC2+GKLpb2pX0qanaDqcv9U2nu75egFrsHkI0zdWYuk/oGwoszVWg=="
    },
    "bulma-accordion": {
      "version": "2.0.1",
      "resolved": "https://registry.npmjs.org/bulma-accordion/-/bulma-accordion-2.0.1.tgz",
      "integrity": "sha512-qqLN67Y60c0adHAVvQmJTr6rhg0FWUCWbswFaW/3+offjc6ujqrUoIdlzX1avni4d/aJEl7j9PckfRGmIJcxxQ=="
    },
    "canvas2image": {
      "version": "1.0.5",
      "resolved": "https://registry.npmjs.org/canvas2image/-/canvas2image-1.0.5.tgz",
      "integrity": "sha1-Z2oJS0NjiIordmLli5zl07+8nRQ="
    },
    "cropper": {
      "version": "4.0.0",
      "resolved": "https://registry.npmjs.org/cropper/-/cropper-4.0.0.tgz",
      "integrity": "sha512-l0RVf5hHww+iSIJ5ZQRwRRljYjvxA4Rt4qUICR/MjCReif7mW/S68RekM7X2+mip0mG9XQ1oMY9o0v6wi59ftw==",
      "requires": {
        "cropperjs": "^1.3.4"
      }
    },
    "cropperjs": {
      "version": "1.5.1",
      "resolved": "https://registry.npmjs.org/cropperjs/-/cropperjs-1.5.1.tgz",
      "integrity": "sha512-b6+gzlkhxEUswBNVwYct6fz+sJYdbmW7F6dAXwNkjTVfZcPcXBYADnVzvxNYcSOPkh/ytzmTRktbNkg5/Uw/PQ=="
    },
    "croppie": {
      "version": "2.6.4",
      "resolved": "https://registry.npmjs.org/croppie/-/croppie-2.6.4.tgz",
      "integrity": "sha512-dK2gP7nmAuzMP8TU+JNPOmZJkMyp5VPMJxE/uvmiOC7Vzwon333eo2i9T40D5rqm9NrBJU/ovAyg7xDX2Swaiw=="
    },
    "css-line-break": {
      "version": "1.0.1",
      "resolved": "https://registry.npmjs.org/css-line-break/-/css-line-break-1.0.1.tgz",
      "integrity": "sha1-GfIGOjPpX7KDG4ZEbAuAwYivRQo=",
      "requires": {
        "base64-arraybuffer": "^0.1.5"
      }
    },
    "gsap": {
      "version": "2.1.3",
      "resolved": "https://registry.npmjs.org/gsap/-/gsap-2.1.3.tgz",
      "integrity": "sha512-8RFASCqi2FOCBuv7X4o7M6bLdy+1hbR0azg+MG7zz+EVsI+OmJblYsTk0GEepQd2Jg/ItMPiVTibF7r3EVxjZQ=="
    },
    "html2canvas": {
      "version": "1.0.0-rc.1",
      "resolved": "https://registry.npmjs.org/html2canvas/-/html2canvas-1.0.0-rc.1.tgz",
      "integrity": "sha512-ImguLJ3goQnY0P6z7n6VqBZ+ViS77Hv6J7iYXBxvdb3NWz3s8/mqr4/Lj0OlMUb3ID+qCQ1BPLIBuRMqhgqvYg==",
      "requires": {
        "css-line-break": "1.0.1"
      }
    },
    "jquery": {
      "version": "3.5.0",
      "resolved": "https://registry.npmjs.org/jquery/-/jquery-3.5.0.tgz",
      "integrity": "sha512-Xb7SVYMvygPxbFMpTFQiHh1J7HClEaThguL15N/Gg37Lri/qKyhRGZYzHRyLH8Stq3Aow0LsHO2O2ci86fCrNQ=="
    },
    "owl.carousel": {
      "version": "2.3.4",
      "resolved": "https://registry.npmjs.org/owl.carousel/-/owl.carousel-2.3.4.tgz",
      "integrity": "sha512-JaDss9+feAvEW8KZppPSpllfposEzQiW+Ytt/Xm5t/3CTJ7YVmkh6RkWixoA2yXk2boIwedYxOvrrppIGzru9A==",
      "requires": {
        "jquery": ">=1.8.3"
      }
    },
    "owl.carousel2": {
      "version": "2.2.1",
      "resolved": "https://registry.npmjs.org/owl.carousel2/-/owl.carousel2-2.2.1.tgz",
      "integrity": "sha1-CdxbSue5t6PZE/5P6kxtbMeVfyI=",
      "requires": {
        "jquery": ">=1.8.3"
      }
    },
    "scrollmagic": {
      "version": "2.0.7",
      "resolved": "https://registry.npmjs.org/scrollmagic/-/scrollmagic-2.0.7.tgz",
      "integrity": "sha512-Qu23XB3YTBhqbnTIkyVhVAEP/7r2APvW+QFfxCpd6LvJ5byCnlvSMzSeBdpyKbDKXBxVWGE9XFXUTvue3B7VrQ=="
    }
  }
}
